
Microsoft Visual Studio Solution File, Format Version 12.00
# Visual Studio Version 17
VisualStudioVersion = 17.4.33205.214
MinimumVisualStudioVersion = 10.0.40219.1
Project("{FAE04EC0-301F-11D3-BF4B-00C04F79EFBC}") = "GC.Entites", "GC.Entites\GC.Entites.csproj", "{61F1078F-6926-4170-B98D-0EBA4FB4722D}"
EndProject
Project("{FAE04EC0-301F-11D3-BF4B-00C04F79EFBC}") = "GC.DAL.JSON", "GC.DAL.JSON\GC.DAL.JSON.csproj", "{554266E2-2B2B-4D78-A47C-D8099888E752}"
EndProject
Project("{FAE04EC0-301F-11D3-BF4B-00C04F79EFBC}") = "GC.DAL.XML", "GC.DAL.XML\GC.DAL.XML.csproj", "{29B33A49-273D-4355-937F-773B84E8C421}"
EndProject
Project("{FAE04EC0-301F-11D3-BF4B-00C04F79EFBC}") = "GC.Batch.ModifierNomPrenomPremiereLettreMajuscules", "GC.Batch.ModifierNomPrenomPremiereLettreMajuscules\GC.Batch.ModifierNomPrenomPremiereLettreMajuscules.csproj", "{34E911D0-F297-4877-8D4D-9D5CDC073796}"
EndProject
Project("{FAE04EC0-301F-11D3-BF4B-00C04F79EFBC}") = "GC.Batch.ModifierPaysMajusculesClients", "GC.Batch.ModifierPaysMajusculesClients\GC.Batch.ModifierPaysMajusculesClients.csproj", "{0D2C3CA6-3159-4AF0-9674-C846C7E968FC}"
EndProject
Project("{FAE04EC0-301F-11D3-BF4B-00C04F79EFBC}") = "GC.ConsoleUI", "GC.ConsoleUI\GC.ConsoleUI.csproj", "{BDAD67BA-388D-4E93-8F40-A9ECA8014F97}"
EndProject
Project("{FAE04EC0-301F-11D3-BF4B-00C04F79EFBC}") = "GC.Batch", "GC.Batch\GC.Batch.csproj", "{135BAD85-819A-4A09-BCCE-0C43A78F116F}"
EndProject
Global
	GlobalSection(SolutionConfigurationPlatforms) = preSolution
		Debug|Any CPU = Debug|Any CPU
		Release|Any CPU = Release|Any CPU
	EndGlobalSection
	GlobalSection(ProjectConfigurationPlatforms) = postSolution
		{61F1078F-6926-4170-B98D-0EBA4FB4722D}.Debug|Any CPU.ActiveCfg = Debug|Any CPU
		{61F1078F-6926-4170-B98D-0EBA4FB4722D}.Debug|Any CPU.Build.0 = Debug|Any CPU
		{61F1078F-6926-4170-B98D-0EBA4FB4722D}.Release|Any CPU.ActiveCfg = Release|Any CPU
		{61F1078F-6926-4170-B98D-0EBA4FB4722D}.Release|Any CPU.Build.0 = Release|Any CPU
		{554266E2-2B2B-4D78-A47C-D8099888E752}.Debug|Any CPU.ActiveCfg = Debug|Any CPU
		{554266E2-2B2B-4D78-A47C-D8099888E752}.Debug|Any CPU.Build.0 = Debug|Any CPU
		{554266E2-2B2B-4D78-A47C-D8099888E752}.Release|Any CPU.ActiveCfg = Release|Any CPU
		{554266E2-2B2B-4D78-A47C-D8099888E752}.Release|Any CPU.Build.0 = Release|Any CPU
		{29B33A49-273D-4355-937F-773B84E8C421}.Debug|Any CPU.ActiveCfg = Debug|Any CPU
		{29B33A49-273D-4355-937F-773B84E8C421}.Debug|Any CPU.Build.0 = Debug|Any CPU
		{29B33A49-273D-4355-937F-773B84E8C421}.Release|Any CPU.ActiveCfg = Release|Any CPU
		{29B33A49-273D-4355-937F-773B84E8C421}.Release|Any CPU.Build.0 = Release|Any CPU
		{34E911D0-F297-4877-8D4D-9D5CDC073796}.Debug|Any CPU.ActiveCfg = Debug|Any CPU
		{34E911D0-F297-4877-8D4D-9D5CDC073796}.Debug|Any CPU.Build.0 = Debug|Any CPU
		{34E911D0-F297-4877-8D4D-9D5CDC073796}.Release|Any CPU.ActiveCfg = Release|Any CPU
		{34E911D0-F297-4877-8D4D-9D5CDC073796}.Release|Any CPU.Build.0 = Release|Any CPU
		{0D2C3CA6-3159-4AF0-9674-C846C7E968FC}.Debug|Any CPU.ActiveCfg = Debug|Any CPU
		{0D2C3CA6-3159-4AF0-9674-C846C7E968FC}.Debug|Any CPU.Build.0 = Debug|Any CPU
		{0D2C3CA6-3159-4AF0-9674-C846C7E968FC}.Release|Any CPU.ActiveCfg = Release|Any CPU
		{0D2C3CA6-3159-4AF0-9674-C846C7E968FC}.Release|Any CPU.Build.0 = Release|Any CPU
		{BDAD67BA-388D-4E93-8F40-A9ECA8014F97}.Debug|Any CPU.ActiveCfg = Debug|Any CPU
		{BDAD67BA-388D-4E93-8F40-A9ECA8014F97}.Debug|Any CPU.Build.0 = Debug|Any CPU
		{BDAD67BA-388D-4E93-8F40-A9ECA8014F97}.Release|Any CPU.ActiveCfg = Release|Any CPU
		{BDAD67BA-388D-4E93-8F40-A9ECA8014F97}.Release|Any CPU.Build.0 = Release|Any CPU
		{135BAD85-819A-4A09-BCCE-0C43A78F116F}.Debug|Any CPU.ActiveCfg = Debug|Any CPU
		{135BAD85-819A-4A09-BCCE-0C43A78F116F}.Debug|Any CPU.Build.0 = Debug|Any CPU
		{135BAD85-819A-4A09-BCCE-0C43A78F116F}.Release|Any CPU.ActiveCfg = Release|Any CPU
		{135BAD85-819A-4A09-BCCE-0C43A78F116F}.Release|Any CPU.Build.0 = Release|Any CPU
	EndGlobalSection
	GlobalSection(SolutionProperties) = preSolution
		HideSolutionNode = FALSE
	EndGlobalSection
	GlobalSection(ExtensibilityGlobals) = postSolution
		SolutionGuid = {D5AF3DA2-EB6B-43F4-BB82-DA15625CF7DC}
	EndGlobalSection
EndGlobal
